{
  "requires": true,
  "lockfileVersion": 1,
  "dependencies": {
    "danmaku": {
      "version": "1.3.5",
      "resolved": "https://registry.npmjs.org/danmaku/-/danmaku-1.3.5.tgz",
      "integrity": "sha512-ztGRG6aHbhhezs+BRKZwCfnRGehld/T9HqnfcOpw/oZdxtAVe4M3+v0/rI0X818MAolfhZ9J+LuP24bAqT+bbw=="
    }
  }
}
